
Microsoft Visual Studio Solution File, Format Version 12.00
# Visual Studio Version 17
VisualStudioVersion = 17.8.34330.188
MinimumVisualStudioVersion = 10.0.40219.1
Project("{F184B08F-C81C-45F6-A57F-5ABD9991F28F}") = "Easy SQLite Backup", "Easy SQLite Backup.vbproj", "{A6B3F74D-6834-4502-9F76-0A1C1FA8AD69}"
EndProject
Global
	GlobalSection(SolutionConfigurationPlatforms) = preSolution
		Debug|Any CPU = Debug|Any CPU
		Release|Any CPU = Release|Any CPU
	EndGlobalSection
	GlobalSection(ProjectConfigurationPlatforms) = postSolution
		{A6B3F74D-6834-4502-9F76-0A1C1FA8AD69}.Debug|Any CPU.ActiveCfg = Debug|Any CPU
		{A6B3F74D-6834-4502-9F76-0A1C1FA8AD69}.Debug|Any CPU.Build.0 = Debug|Any CPU
		{A6B3F74D-6834-4502-9F76-0A1C1FA8AD69}.Release|Any CPU.ActiveCfg = Release|Any CPU
		{A6B3F74D-6834-4502-9F76-0A1C1FA8AD69}.Release|Any CPU.Build.0 = Release|Any CPU
	EndGlobalSection
	GlobalSection(SolutionProperties) = preSolution
		HideSolutionNode = FALSE
	EndGlobalSection
	GlobalSection(ExtensibilityGlobals) = postSolution
		SolutionGuid = {6E27C21F-DDB1-4CB6-B278-4400294A520D}
	EndGlobalSection
EndGlobal
